
Microsoft Visual Studio Solution File, Format Version 12.00
# Visual Studio Version 16
VisualStudioVersion = 16.0.31829.152
MinimumVisualStudioVersion = 10.0.40219.1
Project("{FAE04EC0-301F-11D3-BF4B-00C04F79EFBC}") = "Variables", "Variables.csproj", "{59B4A7B9-2F19-4F5E-8691-7A3A5BDFD3B9}"
EndProject
Global
	GlobalSection(SolutionConfigurationPlatforms) = preSolution
		Debug|Any CPU = Debug|Any CPU
		Release|Any CPU = Release|Any CPU
	EndGlobalSection
	GlobalSection(ProjectConfigurationPlatforms) = postSolution
		{59B4A7B9-2F19-4F5E-8691-7A3A5BDFD3B9}.Debug|Any CPU.ActiveCfg = Debug|Any CPU
		{59B4A7B9-2F19-4F5E-8691-7A3A5BDFD3B9}.Debug|Any CPU.Build.0 = Debug|Any CPU
		{59B4A7B9-2F19-4F5E-8691-7A3A5BDFD3B9}.Release|Any CPU.ActiveCfg = Release|Any CPU
		{59B4A7B9-2F19-4F5E-8691-7A3A5BDFD3B9}.Release|Any CPU.Build.0 = Release|Any CPU
	EndGlobalSection
	GlobalSection(SolutionProperties) = preSolution
		HideSolutionNode = FALSE
	EndGlobalSection
	GlobalSection(ExtensibilityGlobals) = postSolution
		SolutionGuid = {7A59325B-136B-4917-A7DE-834977C8EBFA}
	EndGlobalSection
EndGlobal
